
Microsoft Visual Studio Solution File, Format Version 12.00
# Visual Studio Version 17
VisualStudioVersion = 17.8.34330.188
MinimumVisualStudioVersion = 10.0.40219.1
Project("{9A19103F-16F7-4668-BE54-9A1E7A4F7556}") = "Stepper", "Stepper\Stepper.csproj", "{B93849C3-B4AE-4A92-8611-D2D95937B1A4}"
EndProject
Project("{8BC9CEB8-8B4A-11D0-8D11-00A0C91BC942}") = "xAxisStepperBoard", "xAxisStepperBoard\xAxisStepperBoard.vcxproj", "{0C29A58F-2C1D-4B6E-A656-6C09888D091C}"
EndProject
Project("{8BC9CEB8-8B4A-11D0-8D11-00A0C91BC942}") = "yAxisStepperBoard", "yAxisStepperBoard\yAxisStepperBoard.vcxproj", "{72C52AC2-1667-4CB7-8C64-5F035DEAD72A}"
EndProject
Project("{8BC9CEB8-8B4A-11D0-8D11-00A0C91BC942}") = "zAxisStepperBoard", "zAxisStepperBoard\zAxisStepperBoard.vcxproj", "{355F2809-44A2-458F-9852-7CF42032AFC3}"
EndProject
Project("{8BC9CEB8-8B4A-11D0-8D11-00A0C91BC942}") = "Sketch1", "Sketch1\Sketch1.vcxproj", "{5D620F81-6584-435A-A8DF-96C1204C6073}"
EndProject
Project("{FAE04EC0-301F-11D3-BF4B-00C04F79EFBC}") = "WindowsInput", "..\WindowsInput\WindowsInput\WindowsInput.csproj", "{A5894898-943B-F39A-9BDD-6E45ACFAA854}"
EndProject
Global
	GlobalSection(SolutionConfigurationPlatforms) = preSolution
		Debug|Any CPU = Debug|Any CPU
		Debug|ARM = Debug|ARM
		Debug|arm64 = Debug|arm64
		Debug|x64 = Debug|x64
		Debug|x86 = Debug|x86
		Release|Any CPU = Release|Any CPU
		Release|ARM = Release|ARM
		Release|arm64 = Release|arm64
		Release|x64 = Release|x64
		Release|x86 = Release|x86
	EndGlobalSection
	GlobalSection(ProjectConfigurationPlatforms) = postSolution
		{B93849C3-B4AE-4A92-8611-D2D95937B1A4}.Debug|Any CPU.ActiveCfg = Debug|Any CPU
		{B93849C3-B4AE-4A92-8611-D2D95937B1A4}.Debug|Any CPU.Build.0 = Debug|Any CPU
		{B93849C3-B4AE-4A92-8611-D2D95937B1A4}.Debug|ARM.ActiveCfg = Debug|Any CPU
		{B93849C3-B4AE-4A92-8611-D2D95937B1A4}.Debug|ARM.Build.0 = Debug|Any CPU
		{B93849C3-B4AE-4A92-8611-D2D95937B1A4}.Debug|arm64.ActiveCfg = Debug|Any CPU
		{B93849C3-B4AE-4A92-8611-D2D95937B1A4}.Debug|arm64.Build.0 = Debug|Any CPU
		{B93849C3-B4AE-4A92-8611-D2D95937B1A4}.Debug|x64.ActiveCfg = Debug|Any CPU
		{B93849C3-B4AE-4A92-8611-D2D95937B1A4}.Debug|x64.Build.0 = Debug|Any CPU
		{B93849C3-B4AE-4A92-8611-D2D95937B1A4}.Debug|x86.ActiveCfg = Debug|Any CPU
		{B93849C3-B4AE-4A92-8611-D2D95937B1A4}.Debug|x86.Build.0 = Debug|Any CPU
		{B93849C3-B4AE-4A92-8611-D2D95937B1A4}.Release|Any CPU.ActiveCfg = Release|Any CPU
		{B93849C3-B4AE-4A92-8611-D2D95937B1A4}.Release|Any CPU.Build.0 = Release|Any CPU
		{B93849C3-B4AE-4A92-8611-D2D95937B1A4}.Release|ARM.ActiveCfg = Release|Any CPU
		{B93849C3-B4AE-4A92-8611-D2D95937B1A4}.Release|ARM.Build.0 = Release|Any CPU
		{B93849C3-B4AE-4A92-8611-D2D95937B1A4}.Release|arm64.ActiveCfg = Release|Any CPU
		{B93849C3-B4AE-4A92-8611-D2D95937B1A4}.Release|arm64.Build.0 = Release|Any CPU
		{B93849C3-B4AE-4A92-8611-D2D95937B1A4}.Release|x64.ActiveCfg = Release|Any CPU
		{B93849C3-B4AE-4A92-8611-D2D95937B1A4}.Release|x64.Build.0 = Release|Any CPU
		{B93849C3-B4AE-4A92-8611-D2D95937B1A4}.Release|x86.ActiveCfg = Release|Any CPU
		{B93849C3-B4AE-4A92-8611-D2D95937B1A4}.Release|x86.Build.0 = Release|Any CPU
		{0C29A58F-2C1D-4B6E-A656-6C09888D091C}.Debug|Any CPU.ActiveCfg = Debug|x64
		{0C29A58F-2C1D-4B6E-A656-6C09888D091C}.Debug|Any CPU.Build.0 = Debug|x64
		{0C29A58F-2C1D-4B6E-A656-6C09888D091C}.Debug|Any CPU.Deploy.0 = Debug|x64
		{0C29A58F-2C1D-4B6E-A656-6C09888D091C}.Debug|ARM.ActiveCfg = Debug|ARM
		{0C29A58F-2C1D-4B6E-A656-6C09888D091C}.Debug|ARM.Build.0 = Debug|ARM
		{0C29A58F-2C1D-4B6E-A656-6C09888D091C}.Debug|ARM.Deploy.0 = Debug|ARM
		{0C29A58F-2C1D-4B6E-A656-6C09888D091C}.Debug|arm64.ActiveCfg = Debug|ARM64
		{0C29A58F-2C1D-4B6E-A656-6C09888D091C}.Debug|arm64.Build.0 = Debug|ARM64
		{0C29A58F-2C1D-4B6E-A656-6C09888D091C}.Debug|arm64.Deploy.0 = Debug|ARM64
		{0C29A58F-2C1D-4B6E-A656-6C09888D091C}.Debug|x64.ActiveCfg = Debug|x64
		{0C29A58F-2C1D-4B6E-A656-6C09888D091C}.Debug|x64.Build.0 = Debug|x64
		{0C29A58F-2C1D-4B6E-A656-6C09888D091C}.Debug|x64.Deploy.0 = Debug|x64
		{0C29A58F-2C1D-4B6E-A656-6C09888D091C}.Debug|x86.ActiveCfg = Debug|x86
		{0C29A58F-2C1D-4B6E-A656-6C09888D091C}.Debug|x86.Build.0 = Debug|x86
		{0C29A58F-2C1D-4B6E-A656-6C09888D091C}.Debug|x86.Deploy.0 = Debug|x86
		{0C29A58F-2C1D-4B6E-A656-6C09888D091C}.Release|Any CPU.ActiveCfg = Release|x64
		{0C29A58F-2C1D-4B6E-A656-6C09888D091C}.Release|Any CPU.Build.0 = Release|x64
		{0C29A58F-2C1D-4B6E-A656-6C09888D091C}.Release|Any CPU.Deploy.0 = Release|x64
		{0C29A58F-2C1D-4B6E-A656-6C09888D091C}.Release|ARM.ActiveCfg = Release|ARM
		{0C29A58F-2C1D-4B6E-A656-6C09888D091C}.Release|ARM.Build.0 = Release|ARM
		{0C29A58F-2C1D-4B6E-A656-6C09888D091C}.Release|ARM.Deploy.0 = Release|ARM
		{0C29A58F-2C1D-4B6E-A656-6C09888D091C}.Release|arm64.ActiveCfg = Release|ARM64
		{0C29A58F-2C1D-4B6E-A656-6C09888D091C}.Release|arm64.Build.0 = Release|ARM64
		{0C29A58F-2C1D-4B6E-A656-6C09888D091C}.Release|arm64.Deploy.0 = Release|ARM64
		{0C29A58F-2C1D-4B6E-A656-6C09888D091C}.Release|x64.ActiveCfg = Release|x64
		{0C29A58F-2C1D-4B6E-A656-6C09888D091C}.Release|x64.Build.0 = Release|x64
		{0C29A58F-2C1D-4B6E-A656-6C09888D091C}.Release|x64.Deploy.0 = Release|x64
		{0C29A58F-2C1D-4B6E-A656-6C09888D091C}.Release|x86.ActiveCfg = Release|x86
		{0C29A58F-2C1D-4B6E-A656-6C09888D091C}.Release|x86.Build.0 = Release|x86
		{0C29A58F-2C1D-4B6E-A656-6C09888D091C}.Release|x86.Deploy.0 = Release|x86
		{72C52AC2-1667-4CB7-8C64-5F035DEAD72A}.Debug|Any CPU.ActiveCfg = Debug|x64
		{72C52AC2-1667-4CB7-8C64-5F035DEAD72A}.Debug|Any CPU.Build.0 = Debug|x64
		{72C52AC2-1667-4CB7-8C64-5F035DEAD72A}.Debug|Any CPU.Deploy.0 = Debug|x64
		{72C52AC2-1667-4CB7-8C64-5F035DEAD72A}.Debug|ARM.ActiveCfg = Debug|ARM
		{72C52AC2-1667-4CB7-8C64-5F035DEAD72A}.Debug|ARM.Build.0 = Debug|ARM
		{72C52AC2-1667-4CB7-8C64-5F035DEAD72A}.Debug|ARM.Deploy.0 = Debug|ARM
		{72C52AC2-1667-4CB7-8C64-5F035DEAD72A}.Debug|arm64.ActiveCfg = Debug|ARM64
		{72C52AC2-1667-4CB7-8C64-5F035DEAD72A}.Debug|arm64.Build.0 = Debug|ARM64
		{72C52AC2-1667-4CB7-8C64-5F035DEAD72A}.Debug|arm64.Deploy.0 = Debug|ARM64
		{72C52AC2-1667-4CB7-8C64-5F035DEAD72A}.Debug|x64.ActiveCfg = Debug|x64
		{72C52AC2-1667-4CB7-8C64-5F035DEAD72A}.Debug|x64.Build.0 = Debug|x64
		{72C52AC2-1667-4CB7-8C64-5F035DEAD72A}.Debug|x64.Deploy.0 = Debug|x64
		{72C52AC2-1667-4CB7-8C64-5F035DEAD72A}.Debug|x86.ActiveCfg = Debug|x86
		{72C52AC2-1667-4CB7-8C64-5F035DEAD72A}.Debug|x86.Build.0 = Debug|x86
		{72C52AC2-1667-4CB7-8C64-5F035DEAD72A}.Debug|x86.Deploy.0 = Debug|x86
		{72C52AC2-1667-4CB7-8C64-5F035DEAD72A}.Release|Any CPU.ActiveCfg = Release|x64
		{72C52AC2-1667-4CB7-8C64-5F035DEAD72A}.Release|Any CPU.Build.0 = Release|x64
		{72C52AC2-1667-4CB7-8C64-5F035DEAD72A}.Release|Any CPU.Deploy.0 = Release|x64
		{72C52AC2-1667-4CB7-8C64-5F035DEAD72A}.Release|ARM.ActiveCfg = Release|ARM
		{72C52AC2-1667-4CB7-8C64-5F035DEAD72A}.Release|ARM.Build.0 = Release|ARM
		{72C52AC2-1667-4CB7-8C64-5F035DEAD72A}.Release|ARM.Deploy.0 = Release|ARM
		{72C52AC2-1667-4CB7-8C64-5F035DEAD72A}.Release|arm64.ActiveCfg = Release|ARM64
		{72C52AC2-1667-4CB7-8C64-5F035DEAD72A}.Release|arm64.Build.0 = Release|ARM64
		{72C52AC2-1667-4CB7-8C64-5F035DEAD72A}.Release|arm64.Deploy.0 = Release|ARM64
		{72C52AC2-1667-4CB7-8C64-5F035DEAD72A}.Release|x64.ActiveCfg = Release|x64
		{72C52AC2-1667-4CB7-8C64-5F035DEAD72A}.Release|x64.Build.0 = Release|x64
		{72C52AC2-1667-4CB7-8C64-5F035DEAD72A}.Release|x64.Deploy.0 = Release|x64
		{72C52AC2-1667-4CB7-8C64-5F035DEAD72A}.Release|x86.ActiveCfg = Release|x86
		{72C52AC2-1667-4CB7-8C64-5F035DEAD72A}.Release|x86.Build.0 = Release|x86
		{72C52AC2-1667-4CB7-8C64-5F035DEAD72A}.Release|x86.Deploy.0 = Release|x86
		{355F2809-44A2-458F-9852-7CF42032AFC3}.Debug|Any CPU.ActiveCfg = Debug|x64
		{355F2809-44A2-458F-9852-7CF42032AFC3}.Debug|Any CPU.Build.0 = Debug|x64
		{355F2809-44A2-458F-9852-7CF42032AFC3}.Debug|Any CPU.Deploy.0 = Debug|x64
		{355F2809-44A2-458F-9852-7CF42032AFC3}.Debug|ARM.ActiveCfg = Debug|ARM
		{355F2809-44A2-458F-9852-7CF42032AFC3}.Debug|ARM.Build.0 = Debug|ARM
		{355F2809-44A2-458F-9852-7CF42032AFC3}.Debug|ARM.Deploy.0 = Debug|ARM
		{355F2809-44A2-458F-9852-7CF42032AFC3}.Debug|arm64.ActiveCfg = Debug|ARM64
		{355F2809-44A2-458F-9852-7CF42032AFC3}.Debug|arm64.Build.0 = Debug|ARM64
		{355F2809-44A2-458F-9852-7CF42032AFC3}.Debug|arm64.Deploy.0 = Debug|ARM64
		{355F2809-44A2-458F-9852-7CF42032AFC3}.Debug|x64.ActiveCfg = Debug|x64
		{355F2809-44A2-458F-9852-7CF42032AFC3}.Debug|x64.Build.0 = Debug|x64
		{355F2809-44A2-458F-9852-7CF42032AFC3}.Debug|x64.Deploy.0 = Debug|x64
		{355F2809-44A2-458F-9852-7CF42032AFC3}.Debug|x86.ActiveCfg = Debug|x86
		{355F2809-44A2-458F-9852-7CF42032AFC3}.Debug|x86.Build.0 = Debug|x86
		{355F2809-44A2-458F-9852-7CF42032AFC3}.Debug|x86.Deploy.0 = Debug|x86
		{355F2809-44A2-458F-9852-7CF42032AFC3}.Release|Any CPU.ActiveCfg = Release|x64
		{355F2809-44A2-458F-9852-7CF42032AFC3}.Release|Any CPU.Build.0 = Release|x64
		{355F2809-44A2-458F-9852-7CF42032AFC3}.Release|Any CPU.Deploy.0 = Release|x64
		{355F2809-44A2-458F-9852-7CF42032AFC3}.Release|ARM.ActiveCfg = Release|ARM
		{355F2809-44A2-458F-9852-7CF42032AFC3}.Release|ARM.Build.0 = Release|ARM
		{355F2809-44A2-458F-9852-7CF42032AFC3}.Release|ARM.Deploy.0 = Release|ARM
		{355F2809-44A2-458F-9852-7CF42032AFC3}.Release|arm64.ActiveCfg = Release|ARM64
		{355F2809-44A2-458F-9852-7CF42032AFC3}.Release|arm64.Build.0 = Release|ARM64
		{355F2809-44A2-458F-9852-7CF42032AFC3}.Release|arm64.Deploy.0 = Release|ARM64
		{355F2809-44A2-458F-9852-7CF42032AFC3}.Release|x64.ActiveCfg = Release|x64
		{355F2809-44A2-458F-9852-7CF42032AFC3}.Release|x64.Build.0 = Release|x64
		{355F2809-44A2-458F-9852-7CF42032AFC3}.Release|x64.Deploy.0 = Release|x64
		{355F2809-44A2-458F-9852-7CF42032AFC3}.Release|x86.ActiveCfg = Release|x86
		{355F2809-44A2-458F-9852-7CF42032AFC3}.Release|x86.Build.0 = Release|x86
		{355F2809-44A2-458F-9852-7CF42032AFC3}.Release|x86.Deploy.0 = Release|x86
		{5D620F81-6584-435A-A8DF-96C1204C6073}.Debug|Any CPU.ActiveCfg = Debug|x64
		{5D620F81-6584-435A-A8DF-96C1204C6073}.Debug|Any CPU.Build.0 = Debug|x64
		{5D620F81-6584-435A-A8DF-96C1204C6073}.Debug|Any CPU.Deploy.0 = Debug|x64
		{5D620F81-6584-435A-A8DF-96C1204C6073}.Debug|ARM.ActiveCfg = Debug|ARM
		{5D620F81-6584-435A-A8DF-96C1204C6073}.Debug|ARM.Build.0 = Debug|ARM
		{5D620F81-6584-435A-A8DF-96C1204C6073}.Debug|ARM.Deploy.0 = Debug|ARM
		{5D620F81-6584-435A-A8DF-96C1204C6073}.Debug|arm64.ActiveCfg = Debug|ARM64
		{5D620F81-6584-435A-A8DF-96C1204C6073}.Debug|arm64.Build.0 = Debug|ARM64
		{5D620F81-6584-435A-A8DF-96C1204C6073}.Debug|arm64.Deploy.0 = Debug|ARM64
		{5D620F81-6584-435A-A8DF-96C1204C6073}.Debug|x64.ActiveCfg = Debug|x64
		{5D620F81-6584-435A-A8DF-96C1204C6073}.Debug|x64.Build.0 = Debug|x64
		{5D620F81-6584-435A-A8DF-96C1204C6073}.Debug|x64.Deploy.0 = Debug|x64
		{5D620F81-6584-435A-A8DF-96C1204C6073}.Debug|x86.ActiveCfg = Debug|x86
		{5D620F81-6584-435A-A8DF-96C1204C6073}.Debug|x86.Build.0 = Debug|x86
		{5D620F81-6584-435A-A8DF-96C1204C6073}.Debug|x86.Deploy.0 = Debug|x86
		{5D620F81-6584-435A-A8DF-96C1204C6073}.Release|Any CPU.ActiveCfg = Release|x64
		{5D620F81-6584-435A-A8DF-96C1204C6073}.Release|Any CPU.Build.0 = Release|x64
		{5D620F81-6584-435A-A8DF-96C1204C6073}.Release|Any CPU.Deploy.0 = Release|x64
		{5D620F81-6584-435A-A8DF-96C1204C6073}.Release|ARM.ActiveCfg = Release|ARM
		{5D620F81-6584-435A-A8DF-96C1204C6073}.Release|ARM.Build.0 = Release|ARM
		{5D620F81-6584-435A-A8DF-96C1204C6073}.Release|ARM.Deploy.0 = Release|ARM
		{5D620F81-6584-435A-A8DF-96C1204C6073}.Release|arm64.ActiveCfg = Release|ARM64
		{5D620F81-6584-435A-A8DF-96C1204C6073}.Release|arm64.Build.0 = Release|ARM64
		{5D620F81-6584-435A-A8DF-96C1204C6073}.Release|arm64.Deploy.0 = Release|ARM64
		{5D620F81-6584-435A-A8DF-96C1204C6073}.Release|x64.ActiveCfg = Release|x64
		{5D620F81-6584-435A-A8DF-96C1204C6073}.Release|x64.Build.0 = Release|x64
		{5D620F81-6584-435A-A8DF-96C1204C6073}.Release|x64.Deploy.0 = Release|x64
		{5D620F81-6584-435A-A8DF-96C1204C6073}.Release|x86.ActiveCfg = Release|x86
		{5D620F81-6584-435A-A8DF-96C1204C6073}.Release|x86.Build.0 = Release|x86
		{5D620F81-6584-435A-A8DF-96C1204C6073}.Release|x86.Deploy.0 = Release|x86
		{A5894898-943B-F39A-9BDD-6E45ACFAA854}.Debug|Any CPU.ActiveCfg = Debug|Any CPU
		{A5894898-943B-F39A-9BDD-6E45ACFAA854}.Debug|Any CPU.Build.0 = Debug|Any CPU
		{A5894898-943B-F39A-9BDD-6E45ACFAA854}.Debug|ARM.ActiveCfg = Debug|Any CPU
		{A5894898-943B-F39A-9BDD-6E45ACFAA854}.Debug|ARM.Build.0 = Debug|Any CPU
		{A5894898-943B-F39A-9BDD-6E45ACFAA854}.Debug|arm64.ActiveCfg = Debug|Any CPU
		{A5894898-943B-F39A-9BDD-6E45ACFAA854}.Debug|arm64.Build.0 = Debug|Any CPU
		{A5894898-943B-F39A-9BDD-6E45ACFAA854}.Debug|x64.ActiveCfg = Debug|Any CPU
		{A5894898-943B-F39A-9BDD-6E45ACFAA854}.Debug|x64.Build.0 = Debug|Any CPU
		{A5894898-943B-F39A-9BDD-6E45ACFAA854}.Debug|x86.ActiveCfg = Debug|Any CPU
		{A5894898-943B-F39A-9BDD-6E45ACFAA854}.Debug|x86.Build.0 = Debug|Any CPU
		{A5894898-943B-F39A-9BDD-6E45ACFAA854}.Release|Any CPU.ActiveCfg = Release|Any CPU
		{A5894898-943B-F39A-9BDD-6E45ACFAA854}.Release|Any CPU.Build.0 = Release|Any CPU
		{A5894898-943B-F39A-9BDD-6E45ACFAA854}.Release|ARM.ActiveCfg = Release|Any CPU
		{A5894898-943B-F39A-9BDD-6E45ACFAA854}.Release|ARM.Build.0 = Release|Any CPU
		{A5894898-943B-F39A-9BDD-6E45ACFAA854}.Release|arm64.ActiveCfg = Release|Any CPU
		{A5894898-943B-F39A-9BDD-6E45ACFAA854}.Release|arm64.Build.0 = Release|Any CPU
		{A5894898-943B-F39A-9BDD-6E45ACFAA854}.Release|x64.ActiveCfg = Release|Any CPU
		{A5894898-943B-F39A-9BDD-6E45ACFAA854}.Release|x64.Build.0 = Release|Any CPU
		{A5894898-943B-F39A-9BDD-6E45ACFAA854}.Release|x86.ActiveCfg = Release|Any CPU
		{A5894898-943B-F39A-9BDD-6E45ACFAA854}.Release|x86.Build.0 = Release|Any CPU
	EndGlobalSection
	GlobalSection(SolutionProperties) = preSolution
		HideSolutionNode = FALSE
	EndGlobalSection
	GlobalSection(ExtensibilityGlobals) = postSolution
		SolutionGuid = {EDF7344F-7D61-4788-BE1D-9ED3E02530B5}
	EndGlobalSection
EndGlobal
